PODS:
  - ACSyncKit (0.1.0):
    - Alamofire
    - AlamofireObjectMapper
  - Alamofire (4.6.0)
  - AlamofireObjectMapper (5.0.0):
    - Alamofire (~> 4.1)
    - ObjectMapper (~> 3.0)
  - ObjectMapper (3.1.0)

DEPENDENCIES:
  - ACSyncKit (from `../`)

EXTERNAL SOURCES:
  ACSyncKit:
    :path: ../

SPEC CHECKSUMS:
  ACSyncKit: df52af7ea5001c1e7b41eafe260e0ba8c5f03565
  Alamofire: f41a599bd63041760b26d393ec1069d9d7b917f4
  AlamofireObjectMapper: 5fafc816351cbbc0d486611aaeba7461c0cbad49
  ObjectMapper: 20505058f54e5c3ca69e1d6de9897d152a5369a6

PODFILE CHECKSUM: ee7441d4a1c1bd3cb0887a5a984df78af0682a30

COCOAPODS: 1.4.0
